<?xml version="1.0" encoding="UTF-8"?>
<CodeBlocks_project_file>
	<FileVersion major="1" minor="6"/>
	<Project>
		<Option title="orchestrix"/>
		<Option makefile_is_custom="1"/>
		<Option compiler="gcc"/>
		<Option virtualFolders="CMake Files\;"/>
		<Build>
			<Target title="all">
				<Option working_dir="/home/zulus/Projects/GitProj/orchestrix/src/examples/audio"/>
				<Option type="4"/>
				<MakeCommands>
					<Build command="/usr/bin/make -j4 -f &quot;/home/zulus/Projects/GitProj/orchestrix/src/examples/audio/Makefile&quot;  VERBOSE=1 all"/>
					<CompileFile command="/usr/bin/make -j4 -f &quot;/home/zulus/Projects/GitProj/orchestrix/src/examples/audio/Makefile&quot;  VERBOSE=1 &quot;$file&quot;"/>
					<Clean command="/usr/bin/make -j4 -f &quot;/home/zulus/Projects/GitProj/orchestrix/src/examples/audio/Makefile&quot;  VERBOSE=1 clean"/>
					<DistClean command="/usr/bin/make -j4 -f &quot;/home/zulus/Projects/GitProj/orchestrix/src/examples/audio/Makefile&quot;  VERBOSE=1 clean"/>
				</MakeCommands>
			</Target>
			<Target title="edit_cache">
				<Option working_dir="/home/zulus/Projects/GitProj/orchestrix/src/examples/audio"/>
				<Option type="4"/>
				<MakeCommands>
					<Build command="/usr/bin/make -j4 -f &quot;/home/zulus/Projects/GitProj/orchestrix/src/examples/audio/Makefile&quot;  VERBOSE=1 edit_cache"/>
					<CompileFile command="/usr/bin/make -j4 -f &quot;/home/zulus/Projects/GitProj/orchestrix/src/examples/audio/Makefile&quot;  VERBOSE=1 &quot;$file&quot;"/>
					<Clean command="/usr/bin/make -j4 -f &quot;/home/zulus/Projects/GitProj/orchestrix/src/examples/audio/Makefile&quot;  VERBOSE=1 clean"/>
					<DistClean command="/usr/bin/make -j4 -f &quot;/home/zulus/Projects/GitProj/orchestrix/src/examples/audio/Makefile&quot;  VERBOSE=1 clean"/>
				</MakeCommands>
			</Target>
			<Target title="a.out">
				<Option output="/home/zulus/Projects/GitProj/orchestrix/src/examples/audio/a.out" prefix_auto="0" extension_auto="0"/>
				<Option working_dir="/home/zulus/Projects/GitProj/orchestrix/src/examples/audio"/>
				<Option object_output="./"/>
				<Option type="1"/>
				<Option compiler="gcc"/>
				<Compiler>
					<Add directory="/usr/lib/gcc/x86_64-linux-gnu/6/include"/>
					<Add directory="/usr/local/include"/>
					<Add directory="/usr/lib/gcc/x86_64-linux-gnu/6/include-fixed"/>
					<Add directory="/usr/include/x86_64-linux-gnu"/>
					<Add directory="/usr/include"/>
					<Add directory="/usr/include/c++/6"/>
					<Add directory="/usr/include/x86_64-linux-gnu/c++/6"/>
					<Add directory="/usr/include/c++/6/backward"/>
				</Compiler>
				<MakeCommands>
					<Build command="/usr/bin/make -j4 -f &quot;/home/zulus/Projects/GitProj/orchestrix/src/examples/audio/Makefile&quot;  VERBOSE=1 a.out"/>
					<CompileFile command="/usr/bin/make -j4 -f &quot;/home/zulus/Projects/GitProj/orchestrix/src/examples/audio/Makefile&quot;  VERBOSE=1 &quot;$file&quot;"/>
					<Clean command="/usr/bin/make -j4 -f &quot;/home/zulus/Projects/GitProj/orchestrix/src/examples/audio/Makefile&quot;  VERBOSE=1 clean"/>
					<DistClean command="/usr/bin/make -j4 -f &quot;/home/zulus/Projects/GitProj/orchestrix/src/examples/audio/Makefile&quot;  VERBOSE=1 clean"/>
				</MakeCommands>
			</Target>
			<Target title="a.out/fast">
				<Option output="/home/zulus/Projects/GitProj/orchestrix/src/examples/audio/a.out" prefix_auto="0" extension_auto="0"/>
				<Option working_dir="/home/zulus/Projects/GitProj/orchestrix/src/examples/audio"/>
				<Option object_output="./"/>
				<Option type="1"/>
				<Option compiler="gcc"/>
				<Compiler>
					<Add directory="/usr/lib/gcc/x86_64-linux-gnu/6/include"/>
					<Add directory="/usr/local/include"/>
					<Add directory="/usr/lib/gcc/x86_64-linux-gnu/6/include-fixed"/>
					<Add directory="/usr/include/x86_64-linux-gnu"/>
					<Add directory="/usr/include"/>
					<Add directory="/usr/include/c++/6"/>
					<Add directory="/usr/include/x86_64-linux-gnu/c++/6"/>
					<Add directory="/usr/include/c++/6/backward"/>
				</Compiler>
				<MakeCommands>
					<Build command="/usr/bin/make -j4 -f &quot;/home/zulus/Projects/GitProj/orchestrix/src/examples/audio/Makefile&quot;  VERBOSE=1 a.out/fast"/>
					<CompileFile command="/usr/bin/make -j4 -f &quot;/home/zulus/Projects/GitProj/orchestrix/src/examples/audio/Makefile&quot;  VERBOSE=1 &quot;$file&quot;"/>
					<Clean command="/usr/bin/make -j4 -f &quot;/home/zulus/Projects/GitProj/orchestrix/src/examples/audio/Makefile&quot;  VERBOSE=1 clean"/>
					<DistClean command="/usr/bin/make -j4 -f &quot;/home/zulus/Projects/GitProj/orchestrix/src/examples/audio/Makefile&quot;  VERBOSE=1 clean"/>
				</MakeCommands>
			</Target>
			<Target title="rebuild_cache">
				<Option working_dir="/home/zulus/Projects/GitProj/orchestrix/src/examples/audio"/>
				<Option type="4"/>
				<MakeCommands>
					<Build command="/usr/bin/make -j4 -f &quot;/home/zulus/Projects/GitProj/orchestrix/src/examples/audio/Makefile&quot;  VERBOSE=1 rebuild_cache"/>
					<CompileFile command="/usr/bin/make -j4 -f &quot;/home/zulus/Projects/GitProj/orchestrix/src/examples/audio/Makefile&quot;  VERBOSE=1 &quot;$file&quot;"/>
					<Clean command="/usr/bin/make -j4 -f &quot;/home/zulus/Projects/GitProj/orchestrix/src/examples/audio/Makefile&quot;  VERBOSE=1 clean"/>
					<DistClean command="/usr/bin/make -j4 -f &quot;/home/zulus/Projects/GitProj/orchestrix/src/examples/audio/Makefile&quot;  VERBOSE=1 clean"/>
				</MakeCommands>
			</Target>
			<Target title="aut">
				<Option output="/home/zulus/Projects/GitProj/orchestrix/src/examples/audio/libaut.a" prefix_auto="0" extension_auto="0"/>
				<Option working_dir="/home/zulus/Projects/GitProj/orchestrix/src/examples/audio"/>
				<Option object_output="./"/>
				<Option type="2"/>
				<Option compiler="gcc"/>
				<Compiler>
					<Add directory="/usr/lib/gcc/x86_64-linux-gnu/6/include"/>
					<Add directory="/usr/local/include"/>
					<Add directory="/usr/lib/gcc/x86_64-linux-gnu/6/include-fixed"/>
					<Add directory="/usr/include/x86_64-linux-gnu"/>
					<Add directory="/usr/include"/>
					<Add directory="/usr/include/c++/6"/>
					<Add directory="/usr/include/x86_64-linux-gnu/c++/6"/>
					<Add directory="/usr/include/c++/6/backward"/>
				</Compiler>
				<MakeCommands>
					<Build command="/usr/bin/make -j4 -f &quot;/home/zulus/Projects/GitProj/orchestrix/src/examples/audio/Makefile&quot;  VERBOSE=1 aut"/>
					<CompileFile command="/usr/bin/make -j4 -f &quot;/home/zulus/Projects/GitProj/orchestrix/src/examples/audio/Makefile&quot;  VERBOSE=1 &quot;$file&quot;"/>
					<Clean command="/usr/bin/make -j4 -f &quot;/home/zulus/Projects/GitProj/orchestrix/src/examples/audio/Makefile&quot;  VERBOSE=1 clean"/>
					<DistClean command="/usr/bin/make -j4 -f &quot;/home/zulus/Projects/GitProj/orchestrix/src/examples/audio/Makefile&quot;  VERBOSE=1 clean"/>
				</MakeCommands>
			</Target>
			<Target title="aut/fast">
				<Option output="/home/zulus/Projects/GitProj/orchestrix/src/examples/audio/libaut.a" prefix_auto="0" extension_auto="0"/>
				<Option working_dir="/home/zulus/Projects/GitProj/orchestrix/src/examples/audio"/>
				<Option object_output="./"/>
				<Option type="2"/>
				<Option compiler="gcc"/>
				<Compiler>
					<Add directory="/usr/lib/gcc/x86_64-linux-gnu/6/include"/>
					<Add directory="/usr/local/include"/>
					<Add directory="/usr/lib/gcc/x86_64-linux-gnu/6/include-fixed"/>
					<Add directory="/usr/include/x86_64-linux-gnu"/>
					<Add directory="/usr/include"/>
					<Add directory="/usr/include/c++/6"/>
					<Add directory="/usr/include/x86_64-linux-gnu/c++/6"/>
					<Add directory="/usr/include/c++/6/backward"/>
				</Compiler>
				<MakeCommands>
					<Build command="/usr/bin/make -j4 -f &quot;/home/zulus/Projects/GitProj/orchestrix/src/examples/audio/Makefile&quot;  VERBOSE=1 aut/fast"/>
					<CompileFile command="/usr/bin/make -j4 -f &quot;/home/zulus/Projects/GitProj/orchestrix/src/examples/audio/Makefile&quot;  VERBOSE=1 &quot;$file&quot;"/>
					<Clean command="/usr/bin/make -j4 -f &quot;/home/zulus/Projects/GitProj/orchestrix/src/examples/audio/Makefile&quot;  VERBOSE=1 clean"/>
					<DistClean command="/usr/bin/make -j4 -f &quot;/home/zulus/Projects/GitProj/orchestrix/src/examples/audio/Makefile&quot;  VERBOSE=1 clean"/>
				</MakeCommands>
			</Target>
		</Build>
		<Unit filename="/home/zulus/Projects/GitProj/orchestrix/src/examples/audio/main.cpp">
			<Option target="a.out"/>
		</Unit>
		<Unit filename="/home/zulus/Projects/GitProj/orchestrix/src/examples/audio/src/AudioData.cpp">
			<Option target="aut"/>
		</Unit>
		<Unit filename="/home/zulus/Projects/GitProj/orchestrix/src/examples/audio/src/AudioData.h">
			<Option target="aut"/>
		</Unit>
		<Unit filename="/home/zulus/Projects/GitProj/orchestrix/src/examples/audio/src/AudioManager.cpp">
			<Option target="aut"/>
		</Unit>
		<Unit filename="/home/zulus/Projects/GitProj/orchestrix/src/examples/audio/src/AudioManager.h">
			<Option target="aut"/>
		</Unit>
		<Unit filename="/home/zulus/Projects/GitProj/orchestrix/src/examples/audio/src/AudioPlayer.cpp">
			<Option target="aut"/>
		</Unit>
		<Unit filename="/home/zulus/Projects/GitProj/orchestrix/src/examples/audio/src/AudioPlayer.h">
			<Option target="aut"/>
		</Unit>
		<Unit filename="/home/zulus/Projects/GitProj/orchestrix/src/examples/audio/src/Spectrum.cpp">
			<Option target="aut"/>
		</Unit>
		<Unit filename="/home/zulus/Projects/GitProj/orchestrix/src/examples/audio/src/Spectrum.h">
			<Option target="aut"/>
		</Unit>
		<Unit filename="/home/zulus/Projects/GitProj/orchestrix/src/examples/audio/src/SpectrumAnalyzer.cpp">
			<Option target="aut"/>
		</Unit>
		<Unit filename="/home/zulus/Projects/GitProj/orchestrix/src/examples/audio/src/SpectrumAnalyzer.h">
			<Option target="aut"/>
		</Unit>
		<Unit filename="/home/zulus/Projects/GitProj/orchestrix/src/examples/audio/src/graphic/ConsoleEqualizer.cpp">
			<Option target="a.out"/>
		</Unit>
		<Unit filename="/home/zulus/Projects/GitProj/orchestrix/src/examples/audio/src/graphic/GraphUtil.cpp">
			<Option target="a.out"/>
		</Unit>
		<Unit filename="/home/zulus/Projects/GitProj/orchestrix/src/examples/audio/src/graphic/GraphicPlane.cpp">
			<Option target="a.out"/>
		</Unit>
		<Unit filename="/home/zulus/Projects/GitProj/orchestrix/src/examples/audio/CMakeLists.txt">
			<Option virtualFolder="CMake Files\"/>
		</Unit>
	</Project>
</CodeBlocks_project_file>
